
Microsoft Visual Studio Solution File, Format Version 12.00
# Visual Studio Version 17
VisualStudioVersion = 17.6.33829.357
MinimumVisualStudioVersion = 10.0.40219.1
Project("{FAE04EC0-301F-11D3-BF4B-00C04F79EFBC}") = "KelimeyiTersCevirme", "KelimeyiTersCevirme\KelimeyiTersCevirme.csproj", "{B4489E02-45A7-450F-B200-907437344B76}"
EndProject
Global
	GlobalSection(SolutionConfigurationPlatforms) = preSolution
		Debug|Any CPU = Debug|Any CPU
		Release|Any CPU = Release|Any CPU
	EndGlobalSection
	GlobalSection(ProjectConfigurationPlatforms) = postSolution
		{B4489E02-45A7-450F-B200-907437344B76}.Debug|Any CPU.ActiveCfg = Debug|Any CPU
		{B4489E02-45A7-450F-B200-907437344B76}.Debug|Any CPU.Build.0 = Debug|Any CPU
		{B4489E02-45A7-450F-B200-907437344B76}.Release|Any CPU.ActiveCfg = Release|Any CPU
		{B4489E02-45A7-450F-B200-907437344B76}.Release|Any CPU.Build.0 = Release|Any CPU
	EndGlobalSection
	GlobalSection(SolutionProperties) = preSolution
		HideSolutionNode = FALSE
	EndGlobalSection
	GlobalSection(ExtensibilityGlobals) = postSolution
		SolutionGuid = {A45D0435-5B7B-491E-A2C0-71469F82E9A9}
	EndGlobalSection
EndGlobal
